
Microsoft Visual Studio Solution File, Format Version 12.00
# Visual Studio Version 16
VisualStudioVersion = 16.0.31729.503
MinimumVisualStudioVersion = 10.0.40219.1
Project("{FAE04EC0-301F-11D3-BF4B-00C04F79EFBC}") = "BlendeaStringhe1", "BlendeaStringhe1\BlendeaStringhe1.csproj", "{B06BB939-3861-4E55-9746-AA02CD3D14EF}"
EndProject
Global
	GlobalSection(SolutionConfigurationPlatforms) = preSolution
		Debug|Any CPU = Debug|Any CPU
		Release|Any CPU = Release|Any CPU
	EndGlobalSection
	GlobalSection(ProjectConfigurationPlatforms) = postSolution
		{B06BB939-3861-4E55-9746-AA02CD3D14EF}.Debug|Any CPU.ActiveCfg = Debug|Any CPU
		{B06BB939-3861-4E55-9746-AA02CD3D14EF}.Debug|Any CPU.Build.0 = Debug|Any CPU
		{B06BB939-3861-4E55-9746-AA02CD3D14EF}.Release|Any CPU.ActiveCfg = Release|Any CPU
		{B06BB939-3861-4E55-9746-AA02CD3D14EF}.Release|Any CPU.Build.0 = Release|Any CPU
	EndGlobalSection
	GlobalSection(SolutionProperties) = preSolution
		HideSolutionNode = FALSE
	EndGlobalSection
	GlobalSection(ExtensibilityGlobals) = postSolution
		SolutionGuid = {4AA7DFD7-FA75-4C31-95F7-0A4CA00B0E07}
	EndGlobalSection
EndGlobal
